
Microsoft Visual Studio Solution File, Format Version 12.00
# Visual Studio 14
VisualStudioVersion = 14.0.25420.1
MinimumVisualStudioVersion = 10.0.40219.1
Project("{FAE04EC0-301F-11D3-BF4B-00C04F79EFBC}") = "FindNumber", "FindNumber\FindNumber.csproj", "{01FB8783-EFDC-4806-B7DC-DD857DACDCC5}"
EndProject
Project("{FAE04EC0-301F-11D3-BF4B-00C04F79EFBC}") = "ExchangeRates", "ExchangeRates\ExchangeRates.csproj", "{F8025966-987E-448E-99E5-AC3402DED719}"
EndProject
Project("{FAE04EC0-301F-11D3-BF4B-00C04F79EFBC}") = "Doge++", "Doge++\Doge++.csproj", "{612EA6A3-8594-41AF-AFC0-4949915720D4}"
EndProject
Global
	GlobalSection(SolutionConfigurationPlatforms) = preSolution
		Debug|Any CPU = Debug|Any CPU
		Release|Any CPU = Release|Any CPU
	EndGlobalSection
	GlobalSection(ProjectConfigurationPlatforms) = postSolution
		{01FB8783-EFDC-4806-B7DC-DD857DACDCC5}.Debug|Any CPU.ActiveCfg = Debug|Any CPU
		{01FB8783-EFDC-4806-B7DC-DD857DACDCC5}.Debug|Any CPU.Build.0 = Debug|Any CPU
		{01FB8783-EFDC-4806-B7DC-DD857DACDCC5}.Release|Any CPU.ActiveCfg = Release|Any CPU
		{01FB8783-EFDC-4806-B7DC-DD857DACDCC5}.Release|Any CPU.Build.0 = Release|Any CPU
		{F8025966-987E-448E-99E5-AC3402DED719}.Debug|Any CPU.ActiveCfg = Debug|Any CPU
		{F8025966-987E-448E-99E5-AC3402DED719}.Debug|Any CPU.Build.0 = Debug|Any CPU
		{F8025966-987E-448E-99E5-AC3402DED719}.Release|Any CPU.ActiveCfg = Release|Any CPU
		{F8025966-987E-448E-99E5-AC3402DED719}.Release|Any CPU.Build.0 = Release|Any CPU
		{612EA6A3-8594-41AF-AFC0-4949915720D4}.Debug|Any CPU.ActiveCfg = Debug|Any CPU
		{612EA6A3-8594-41AF-AFC0-4949915720D4}.Debug|Any CPU.Build.0 = Debug|Any CPU
		{612EA6A3-8594-41AF-AFC0-4949915720D4}.Release|Any CPU.ActiveCfg = Release|Any CPU
		{612EA6A3-8594-41AF-AFC0-4949915720D4}.Release|Any CPU.Build.0 = Release|Any CPU
	EndGlobalSection
	GlobalSection(SolutionProperties) = preSolution
		HideSolutionNode = FALSE
	EndGlobalSection
EndGlobal
