
Microsoft Visual Studio Solution File, Format Version 12.00
# Visual Studio 14
VisualStudioVersion = 14.0.25420.1
MinimumVisualStudioVersion = 10.0.40219.1
Project("{FAE04EC0-301F-11D3-BF4B-00C04F79EFBC}") = "EF-Northwind", "EF-Northwind\EF-Northwind.csproj", "{4758FAFD-EFC2-45E0-9381-F10A5BE3D742}"
EndProject
Project("{FAE04EC0-301F-11D3-BF4B-00C04F79EFBC}") = "Northwind.Tests", "Northwind.Tests\Northwind.Tests.csproj", "{407F0A74-8BB9-4BDC-9889-ACD9AE7BB841}"
EndProject
Project("{FAE04EC0-301F-11D3-BF4B-00C04F79EFBC}") = "NortwindTwin", "NortwindTwin\NortwindTwin.csproj", "{B808B968-588E-4E5D-9A2E-ED860D4AA4BA}"
EndProject
Global
	GlobalSection(SolutionConfigurationPlatforms) = preSolution
		Debug|Any CPU = Debug|Any CPU
		Debug|x86 = Debug|x86
		Release|Any CPU = Release|Any CPU
		Release|x86 = Release|x86
	EndGlobalSection
	GlobalSection(ProjectConfigurationPlatforms) = postSolution
		{4758FAFD-EFC2-45E0-9381-F10A5BE3D742}.Debug|Any CPU.ActiveCfg = Debug|Any CPU
		{4758FAFD-EFC2-45E0-9381-F10A5BE3D742}.Debug|Any CPU.Build.0 = Debug|Any CPU
		{4758FAFD-EFC2-45E0-9381-F10A5BE3D742}.Debug|x86.ActiveCfg = Debug|Any CPU
		{4758FAFD-EFC2-45E0-9381-F10A5BE3D742}.Debug|x86.Build.0 = Debug|Any CPU
		{4758FAFD-EFC2-45E0-9381-F10A5BE3D742}.Release|Any CPU.ActiveCfg = Release|Any CPU
		{4758FAFD-EFC2-45E0-9381-F10A5BE3D742}.Release|Any CPU.Build.0 = Release|Any CPU
		{4758FAFD-EFC2-45E0-9381-F10A5BE3D742}.Release|x86.ActiveCfg = Release|Any CPU
		{4758FAFD-EFC2-45E0-9381-F10A5BE3D742}.Release|x86.Build.0 = Release|Any CPU
		{407F0A74-8BB9-4BDC-9889-ACD9AE7BB841}.Debug|Any CPU.ActiveCfg = Debug|Any CPU
		{407F0A74-8BB9-4BDC-9889-ACD9AE7BB841}.Debug|Any CPU.Build.0 = Debug|Any CPU
		{407F0A74-8BB9-4BDC-9889-ACD9AE7BB841}.Debug|x86.ActiveCfg = Debug|Any CPU
		{407F0A74-8BB9-4BDC-9889-ACD9AE7BB841}.Debug|x86.Build.0 = Debug|Any CPU
		{407F0A74-8BB9-4BDC-9889-ACD9AE7BB841}.Release|Any CPU.ActiveCfg = Release|Any CPU
		{407F0A74-8BB9-4BDC-9889-ACD9AE7BB841}.Release|Any CPU.Build.0 = Release|Any CPU
		{407F0A74-8BB9-4BDC-9889-ACD9AE7BB841}.Release|x86.ActiveCfg = Release|Any CPU
		{407F0A74-8BB9-4BDC-9889-ACD9AE7BB841}.Release|x86.Build.0 = Release|Any CPU
		{B808B968-588E-4E5D-9A2E-ED860D4AA4BA}.Debug|Any CPU.ActiveCfg = Debug|Any CPU
		{B808B968-588E-4E5D-9A2E-ED860D4AA4BA}.Debug|Any CPU.Build.0 = Debug|Any CPU
		{B808B968-588E-4E5D-9A2E-ED860D4AA4BA}.Debug|x86.ActiveCfg = Debug|Any CPU
		{B808B968-588E-4E5D-9A2E-ED860D4AA4BA}.Debug|x86.Build.0 = Debug|Any CPU
		{B808B968-588E-4E5D-9A2E-ED860D4AA4BA}.Release|Any CPU.ActiveCfg = Release|Any CPU
		{B808B968-588E-4E5D-9A2E-ED860D4AA4BA}.Release|Any CPU.Build.0 = Release|Any CPU
		{B808B968-588E-4E5D-9A2E-ED860D4AA4BA}.Release|x86.ActiveCfg = Release|Any CPU
		{B808B968-588E-4E5D-9A2E-ED860D4AA4BA}.Release|x86.Build.0 = Release|Any CPU
	EndGlobalSection
	GlobalSection(SolutionProperties) = preSolution
		HideSolutionNode = FALSE
	EndGlobalSection
EndGlobal
