
Microsoft Visual Studio Solution File, Format Version 12.00
# Visual Studio 14
VisualStudioVersion = 14.0.24720.0
MinimumVisualStudioVersion = 10.0.40219.1
Project("{FAE04EC0-301F-11D3-BF4B-00C04F79EFBC}") = "Processing-Json", "Processing-Json\Processing-Json.csproj", "{A72C6A88-B0D6-42C1-9A24-C7458DCECE45}"
EndProject
Global
	GlobalSection(SolutionConfigurationPlatforms) = preSolution
		Debug|Any CPU = Debug|Any CPU
		Release|Any CPU = Release|Any CPU
	EndGlobalSection
	GlobalSection(ProjectConfigurationPlatforms) = postSolution
		{A72C6A88-B0D6-42C1-9A24-C7458DCECE45}.Debug|Any CPU.ActiveCfg = Debug|Any CPU
		{A72C6A88-B0D6-42C1-9A24-C7458DCECE45}.Debug|Any CPU.Build.0 = Debug|Any CPU
		{A72C6A88-B0D6-42C1-9A24-C7458DCECE45}.Release|Any CPU.ActiveCfg = Release|Any CPU
		{A72C6A88-B0D6-42C1-9A24-C7458DCECE45}.Release|Any CPU.Build.0 = Release|Any CPU
	EndGlobalSection
	GlobalSection(SolutionProperties) = preSolution
		HideSolutionNode = FALSE
	EndGlobalSection
EndGlobal
