
Microsoft Visual Studio Solution File, Format Version 12.00
# Visual Studio 14
VisualStudioVersion = 14.0.25420.1
MinimumVisualStudioVersion = 10.0.40219.1
Project("{FAE04EC0-301F-11D3-BF4B-00C04F79EFBC}") = "01.SequenceOfElements", "01.SequenceOfElements\01.SequenceOfElements.csproj", "{ADB5887B-3628-4017-B2DE-C2435365C202}"
EndProject
Project("{FAE04EC0-301F-11D3-BF4B-00C04F79EFBC}") = "02.ReverseIntegers", "02.ReverseIntegers\02.ReverseIntegers.csproj", "{B50E3000-5178-4C0D-84A4-D201244CDFC7}"
EndProject
Project("{FAE04EC0-301F-11D3-BF4B-00C04F79EFBC}") = "03.SortElements", "03.SortElements\03.SortElements.csproj", "{0DBA9B94-1228-4D67-BC83-8A2F067E4284}"
EndProject
Global
	GlobalSection(SolutionConfigurationPlatforms) = preSolution
		Debug|Any CPU = Debug|Any CPU
		Release|Any CPU = Release|Any CPU
	EndGlobalSection
	GlobalSection(ProjectConfigurationPlatforms) = postSolution
		{ADB5887B-3628-4017-B2DE-C2435365C202}.Debug|Any CPU.ActiveCfg = Debug|Any CPU
		{ADB5887B-3628-4017-B2DE-C2435365C202}.Debug|Any CPU.Build.0 = Debug|Any CPU
		{ADB5887B-3628-4017-B2DE-C2435365C202}.Release|Any CPU.ActiveCfg = Release|Any CPU
		{ADB5887B-3628-4017-B2DE-C2435365C202}.Release|Any CPU.Build.0 = Release|Any CPU
		{B50E3000-5178-4C0D-84A4-D201244CDFC7}.Debug|Any CPU.ActiveCfg = Debug|Any CPU
		{B50E3000-5178-4C0D-84A4-D201244CDFC7}.Debug|Any CPU.Build.0 = Debug|Any CPU
		{B50E3000-5178-4C0D-84A4-D201244CDFC7}.Release|Any CPU.ActiveCfg = Release|Any CPU
		{B50E3000-5178-4C0D-84A4-D201244CDFC7}.Release|Any CPU.Build.0 = Release|Any CPU
		{0DBA9B94-1228-4D67-BC83-8A2F067E4284}.Debug|Any CPU.ActiveCfg = Debug|Any CPU
		{0DBA9B94-1228-4D67-BC83-8A2F067E4284}.Debug|Any CPU.Build.0 = Debug|Any CPU
		{0DBA9B94-1228-4D67-BC83-8A2F067E4284}.Release|Any CPU.ActiveCfg = Release|Any CPU
		{0DBA9B94-1228-4D67-BC83-8A2F067E4284}.Release|Any CPU.Build.0 = Release|Any CPU
	EndGlobalSection
	GlobalSection(SolutionProperties) = preSolution
		HideSolutionNode = FALSE
	EndGlobalSection
EndGlobal
