
Microsoft Visual Studio Solution File, Format Version 12.00
# Visual Studio 14
VisualStudioVersion = 14.0.25420.1
MinimumVisualStudioVersion = 10.0.40219.1
Project("{FAE04EC0-301F-11D3-BF4B-00C04F79EFBC}") = "01.SequenceOfElements", "01.SequenceOfElements\01.SequenceOfElements.csproj", "{ADB5887B-3628-4017-B2DE-C2435365C202}"
EndProject
Project("{FAE04EC0-301F-11D3-BF4B-00C04F79EFBC}") = "02.ReverseIntegers", "02.ReverseIntegers\02.ReverseIntegers.csproj", "{B50E3000-5178-4C0D-84A4-D201244CDFC7}"
EndProject
Project("{FAE04EC0-301F-11D3-BF4B-00C04F79EFBC}") = "03.SortElements", "03.SortElements\03.SortElements.csproj", "{0DBA9B94-1228-4D67-BC83-8A2F067E4284}"
EndProject
Project("{FAE04EC0-301F-11D3-BF4B-00C04F79EFBC}") = "05.RemoveNegativeNumbers", "05.RemoveNegativeNumbers\05.RemoveNegativeNumbers.csproj", "{257B0724-4FC1-444C-83E0-AFD6202C789F}"
EndProject
Project("{FAE04EC0-301F-11D3-BF4B-00C04F79EFBC}") = "14.Labyrinth", "14.Labyrinth\14.Labyrinth.csproj", "{207F5BB0-1854-473A-B821-8C2B88F39675}"
EndProject
Project("{FAE04EC0-301F-11D3-BF4B-00C04F79EFBC}") = "13.ImplementLinkedQueue", "13.ImplementLinkedQueue\13.ImplementLinkedQueue.csproj", "{B8558448-6F7B-47D4-98D8-3373F3D526AF}"
EndProject
Global
	GlobalSection(SolutionConfigurationPlatforms) = preSolution
		Debug|Any CPU = Debug|Any CPU
		Release|Any CPU = Release|Any CPU
	EndGlobalSection
	GlobalSection(ProjectConfigurationPlatforms) = postSolution
		{ADB5887B-3628-4017-B2DE-C2435365C202}.Debug|Any CPU.ActiveCfg = Debug|Any CPU
		{ADB5887B-3628-4017-B2DE-C2435365C202}.Debug|Any CPU.Build.0 = Debug|Any CPU
		{ADB5887B-3628-4017-B2DE-C2435365C202}.Release|Any CPU.ActiveCfg = Release|Any CPU
		{ADB5887B-3628-4017-B2DE-C2435365C202}.Release|Any CPU.Build.0 = Release|Any CPU
		{B50E3000-5178-4C0D-84A4-D201244CDFC7}.Debug|Any CPU.ActiveCfg = Debug|Any CPU
		{B50E3000-5178-4C0D-84A4-D201244CDFC7}.Debug|Any CPU.Build.0 = Debug|Any CPU
		{B50E3000-5178-4C0D-84A4-D201244CDFC7}.Release|Any CPU.ActiveCfg = Release|Any CPU
		{B50E3000-5178-4C0D-84A4-D201244CDFC7}.Release|Any CPU.Build.0 = Release|Any CPU
		{0DBA9B94-1228-4D67-BC83-8A2F067E4284}.Debug|Any CPU.ActiveCfg = Debug|Any CPU
		{0DBA9B94-1228-4D67-BC83-8A2F067E4284}.Debug|Any CPU.Build.0 = Debug|Any CPU
		{0DBA9B94-1228-4D67-BC83-8A2F067E4284}.Release|Any CPU.ActiveCfg = Release|Any CPU
		{0DBA9B94-1228-4D67-BC83-8A2F067E4284}.Release|Any CPU.Build.0 = Release|Any CPU
		{257B0724-4FC1-444C-83E0-AFD6202C789F}.Debug|Any CPU.ActiveCfg = Debug|Any CPU
		{257B0724-4FC1-444C-83E0-AFD6202C789F}.Debug|Any CPU.Build.0 = Debug|Any CPU
		{257B0724-4FC1-444C-83E0-AFD6202C789F}.Release|Any CPU.ActiveCfg = Release|Any CPU
		{257B0724-4FC1-444C-83E0-AFD6202C789F}.Release|Any CPU.Build.0 = Release|Any CPU
		{207F5BB0-1854-473A-B821-8C2B88F39675}.Debug|Any CPU.ActiveCfg = Debug|Any CPU
		{207F5BB0-1854-473A-B821-8C2B88F39675}.Debug|Any CPU.Build.0 = Debug|Any CPU
		{207F5BB0-1854-473A-B821-8C2B88F39675}.Release|Any CPU.ActiveCfg = Release|Any CPU
		{207F5BB0-1854-473A-B821-8C2B88F39675}.Release|Any CPU.Build.0 = Release|Any CPU
		{B8558448-6F7B-47D4-98D8-3373F3D526AF}.Debug|Any CPU.ActiveCfg = Debug|Any CPU
		{B8558448-6F7B-47D4-98D8-3373F3D526AF}.Debug|Any CPU.Build.0 = Debug|Any CPU
		{B8558448-6F7B-47D4-98D8-3373F3D526AF}.Release|Any CPU.ActiveCfg = Release|Any CPU
		{B8558448-6F7B-47D4-98D8-3373F3D526AF}.Release|Any CPU.Build.0 = Release|Any CPU
	EndGlobalSection
	GlobalSection(SolutionProperties) = preSolution
		HideSolutionNode = FALSE
	EndGlobalSection
EndGlobal
