
Microsoft Visual Studio Solution File, Format Version 12.00
# Visual Studio 14
VisualStudioVersion = 14.0.25420.1
MinimumVisualStudioVersion = 10.0.40219.1
Project("{FAE04EC0-301F-11D3-BF4B-00C04F79EFBC}") = "SearchingHomework", "SearchingHomework\SearchingHomework.csproj", "{C4C63A0D-8482-4A6D-A1FF-7266301937DB}"
EndProject
Global
	GlobalSection(SolutionConfigurationPlatforms) = preSolution
		Debug|Any CPU = Debug|Any CPU
		Release|Any CPU = Release|Any CPU
	EndGlobalSection
	GlobalSection(ProjectConfigurationPlatforms) = postSolution
		{C4C63A0D-8482-4A6D-A1FF-7266301937DB}.Debug|Any CPU.ActiveCfg = Debug|Any CPU
		{C4C63A0D-8482-4A6D-A1FF-7266301937DB}.Debug|Any CPU.Build.0 = Debug|Any CPU
		{C4C63A0D-8482-4A6D-A1FF-7266301937DB}.Release|Any CPU.ActiveCfg = Release|Any CPU
		{C4C63A0D-8482-4A6D-A1FF-7266301937DB}.Release|Any CPU.Build.0 = Release|Any CPU
	EndGlobalSection
	GlobalSection(SolutionProperties) = preSolution
		HideSolutionNode = FALSE
	EndGlobalSection
EndGlobal
