
Microsoft Visual Studio Solution File, Format Version 12.00
# Visual Studio 14
VisualStudioVersion = 14.0.25420.1
MinimumVisualStudioVersion = 10.0.40219.1
Project("{FAE04EC0-301F-11D3-BF4B-00C04F79EFBC}") = "01.NestedLoops", "01.NestedLoops\01.NestedLoops.csproj", "{3900D75C-2D0C-403E-BB4B-FD9CF8548981}"
EndProject
Project("{FAE04EC0-301F-11D3-BF4B-00C04F79EFBC}") = "02.CombinationsRepetitions", "02.CombinationsRepetitions\02.CombinationsRepetitions.csproj", "{5F8F17E4-6FFE-46D0-8EFB-D66A36F07DF7}"
EndProject
Project("{FAE04EC0-301F-11D3-BF4B-00C04F79EFBC}") = "03.CombinationsWithoutRepetitions", "03.CombinationsWithoutRepetitions\03.CombinationsWithoutRepetitions.csproj", "{6B8A1E12-F240-4070-86CE-29984CEC522C}"
EndProject
Project("{FAE04EC0-301F-11D3-BF4B-00C04F79EFBC}") = "04.Permutations", "04.Permutations\04.Permutations.csproj", "{36B24865-0929-4572-A2A7-DF39BFDABCC3}"
EndProject
Project("{FAE04EC0-301F-11D3-BF4B-00C04F79EFBC}") = "05.Variations", "05.Variations\05.Variations.csproj", "{2A4A44BE-E0B4-4D3B-8EFC-FB4A86B35442}"
EndProject
Project("{FAE04EC0-301F-11D3-BF4B-00C04F79EFBC}") = "06.Subsets", "06.Subsets\06.Subsets.csproj", "{72007BE4-2871-4DFA-BD40-280BA8A093DF}"
EndProject
Global
	GlobalSection(SolutionConfigurationPlatforms) = preSolution
		Debug|Any CPU = Debug|Any CPU
		Release|Any CPU = Release|Any CPU
	EndGlobalSection
	GlobalSection(ProjectConfigurationPlatforms) = postSolution
		{3900D75C-2D0C-403E-BB4B-FD9CF8548981}.Debug|Any CPU.ActiveCfg = Debug|Any CPU
		{3900D75C-2D0C-403E-BB4B-FD9CF8548981}.Debug|Any CPU.Build.0 = Debug|Any CPU
		{3900D75C-2D0C-403E-BB4B-FD9CF8548981}.Release|Any CPU.ActiveCfg = Release|Any CPU
		{3900D75C-2D0C-403E-BB4B-FD9CF8548981}.Release|Any CPU.Build.0 = Release|Any CPU
		{5F8F17E4-6FFE-46D0-8EFB-D66A36F07DF7}.Debug|Any CPU.ActiveCfg = Debug|Any CPU
		{5F8F17E4-6FFE-46D0-8EFB-D66A36F07DF7}.Debug|Any CPU.Build.0 = Debug|Any CPU
		{5F8F17E4-6FFE-46D0-8EFB-D66A36F07DF7}.Release|Any CPU.ActiveCfg = Release|Any CPU
		{5F8F17E4-6FFE-46D0-8EFB-D66A36F07DF7}.Release|Any CPU.Build.0 = Release|Any CPU
		{6B8A1E12-F240-4070-86CE-29984CEC522C}.Debug|Any CPU.ActiveCfg = Debug|Any CPU
		{6B8A1E12-F240-4070-86CE-29984CEC522C}.Debug|Any CPU.Build.0 = Debug|Any CPU
		{6B8A1E12-F240-4070-86CE-29984CEC522C}.Release|Any CPU.ActiveCfg = Release|Any CPU
		{6B8A1E12-F240-4070-86CE-29984CEC522C}.Release|Any CPU.Build.0 = Release|Any CPU
		{36B24865-0929-4572-A2A7-DF39BFDABCC3}.Debug|Any CPU.ActiveCfg = Debug|Any CPU
		{36B24865-0929-4572-A2A7-DF39BFDABCC3}.Debug|Any CPU.Build.0 = Debug|Any CPU
		{36B24865-0929-4572-A2A7-DF39BFDABCC3}.Release|Any CPU.ActiveCfg = Release|Any CPU
		{36B24865-0929-4572-A2A7-DF39BFDABCC3}.Release|Any CPU.Build.0 = Release|Any CPU
		{2A4A44BE-E0B4-4D3B-8EFC-FB4A86B35442}.Debug|Any CPU.ActiveCfg = Debug|Any CPU
		{2A4A44BE-E0B4-4D3B-8EFC-FB4A86B35442}.Debug|Any CPU.Build.0 = Debug|Any CPU
		{2A4A44BE-E0B4-4D3B-8EFC-FB4A86B35442}.Release|Any CPU.ActiveCfg = Release|Any CPU
		{2A4A44BE-E0B4-4D3B-8EFC-FB4A86B35442}.Release|Any CPU.Build.0 = Release|Any CPU
		{72007BE4-2871-4DFA-BD40-280BA8A093DF}.Debug|Any CPU.ActiveCfg = Debug|Any CPU
		{72007BE4-2871-4DFA-BD40-280BA8A093DF}.Debug|Any CPU.Build.0 = Debug|Any CPU
		{72007BE4-2871-4DFA-BD40-280BA8A093DF}.Release|Any CPU.ActiveCfg = Release|Any CPU
		{72007BE4-2871-4DFA-BD40-280BA8A093DF}.Release|Any CPU.Build.0 = Release|Any CPU
	EndGlobalSection
	GlobalSection(SolutionProperties) = preSolution
		HideSolutionNode = FALSE
	EndGlobalSection
EndGlobal
