
Microsoft Visual Studio Solution File, Format Version 12.00
# Visual Studio 14
VisualStudioVersion = 14.0.25420.1
MinimumVisualStudioVersion = 10.0.40219.1
Project("{FAE04EC0-301F-11D3-BF4B-00C04F79EFBC}") = "OddNumber", "OddNumber\OddNumber.csproj", "{57EEA651-2E0D-49C8-8656-5517DE8CA802}"
EndProject
Project("{FAE04EC0-301F-11D3-BF4B-00C04F79EFBC}") = "Diameter", "Diameter\Diameter.csproj", "{2564C424-B460-458E-9579-7F9DB1AB9D9B}"
EndProject
Global
	GlobalSection(SolutionConfigurationPlatforms) = preSolution
		Debug|Any CPU = Debug|Any CPU
		Release|Any CPU = Release|Any CPU
	EndGlobalSection
	GlobalSection(ProjectConfigurationPlatforms) = postSolution
		{57EEA651-2E0D-49C8-8656-5517DE8CA802}.Debug|Any CPU.ActiveCfg = Debug|Any CPU
		{57EEA651-2E0D-49C8-8656-5517DE8CA802}.Debug|Any CPU.Build.0 = Debug|Any CPU
		{57EEA651-2E0D-49C8-8656-5517DE8CA802}.Release|Any CPU.ActiveCfg = Release|Any CPU
		{57EEA651-2E0D-49C8-8656-5517DE8CA802}.Release|Any CPU.Build.0 = Release|Any CPU
		{2564C424-B460-458E-9579-7F9DB1AB9D9B}.Debug|Any CPU.ActiveCfg = Debug|Any CPU
		{2564C424-B460-458E-9579-7F9DB1AB9D9B}.Debug|Any CPU.Build.0 = Debug|Any CPU
		{2564C424-B460-458E-9579-7F9DB1AB9D9B}.Release|Any CPU.ActiveCfg = Release|Any CPU
		{2564C424-B460-458E-9579-7F9DB1AB9D9B}.Release|Any CPU.Build.0 = Release|Any CPU
	EndGlobalSection
	GlobalSection(SolutionProperties) = preSolution
		HideSolutionNode = FALSE
	EndGlobalSection
EndGlobal
