
Microsoft Visual Studio Solution File, Format Version 12.00
# Visual Studio 14
VisualStudioVersion = 14.0.25420.1
MinimumVisualStudioVersion = 10.0.40219.1
Project("{FAE04EC0-301F-11D3-BF4B-00C04F79EFBC}") = "ReversePolishNotation", "ReversePolishNotation\ReversePolishNotation.csproj", "{B392D6BE-8ABA-4C38-97EC-944D9D838EC1}"
EndProject
Project("{FAE04EC0-301F-11D3-BF4B-00C04F79EFBC}") = "Passwords", "Passwords\Passwords.csproj", "{48CBCB9C-1D0F-43F4-9EA9-FAA9C66815BC}"
EndProject
Project("{FAE04EC0-301F-11D3-BF4B-00C04F79EFBC}") = "Pattern", "Pattern\Pattern.csproj", "{3AD2AE02-DED6-4136-B9A8-997BF2B6BF82}"
EndProject
Global
	GlobalSection(SolutionConfigurationPlatforms) = preSolution
		Debug|Any CPU = Debug|Any CPU
		Release|Any CPU = Release|Any CPU
	EndGlobalSection
	GlobalSection(ProjectConfigurationPlatforms) = postSolution
		{B392D6BE-8ABA-4C38-97EC-944D9D838EC1}.Debug|Any CPU.ActiveCfg = Debug|Any CPU
		{B392D6BE-8ABA-4C38-97EC-944D9D838EC1}.Debug|Any CPU.Build.0 = Debug|Any CPU
		{B392D6BE-8ABA-4C38-97EC-944D9D838EC1}.Release|Any CPU.ActiveCfg = Release|Any CPU
		{B392D6BE-8ABA-4C38-97EC-944D9D838EC1}.Release|Any CPU.Build.0 = Release|Any CPU
		{48CBCB9C-1D0F-43F4-9EA9-FAA9C66815BC}.Debug|Any CPU.ActiveCfg = Debug|Any CPU
		{48CBCB9C-1D0F-43F4-9EA9-FAA9C66815BC}.Debug|Any CPU.Build.0 = Debug|Any CPU
		{48CBCB9C-1D0F-43F4-9EA9-FAA9C66815BC}.Release|Any CPU.ActiveCfg = Release|Any CPU
		{48CBCB9C-1D0F-43F4-9EA9-FAA9C66815BC}.Release|Any CPU.Build.0 = Release|Any CPU
		{3AD2AE02-DED6-4136-B9A8-997BF2B6BF82}.Debug|Any CPU.ActiveCfg = Debug|Any CPU
		{3AD2AE02-DED6-4136-B9A8-997BF2B6BF82}.Debug|Any CPU.Build.0 = Debug|Any CPU
		{3AD2AE02-DED6-4136-B9A8-997BF2B6BF82}.Release|Any CPU.ActiveCfg = Release|Any CPU
		{3AD2AE02-DED6-4136-B9A8-997BF2B6BF82}.Release|Any CPU.Build.0 = Release|Any CPU
	EndGlobalSection
	GlobalSection(SolutionProperties) = preSolution
		HideSolutionNode = FALSE
	EndGlobalSection
EndGlobal
