
Microsoft Visual Studio Solution File, Format Version 12.00
# Visual Studio 14
VisualStudioVersion = 14.0.24720.0
MinimumVisualStudioVersion = 10.0.40219.1
Project("{FAE04EC0-301F-11D3-BF4B-00C04F79EFBC}") = "01.ExtractCategoriesCount", "01.ExtractCategoriesCount\01.ExtractCategoriesCount.csproj", "{A8F301DE-3BA0-4F1A-9799-EF1A96F3C8E2}"
EndProject
Project("{FAE04EC0-301F-11D3-BF4B-00C04F79EFBC}") = "02.GetCategoriesNameDescription", "02.GetCategoriesNameDescription\02.GetCategoriesNameDescription.csproj", "{2E3B3C48-BEEA-48ED-B51C-4FFD8E12F7A6}"
EndProject
Project("{FAE04EC0-301F-11D3-BF4B-00C04F79EFBC}") = "03.ExtractProductsWithCategories", "03.ExtractProductsWithCategories\03.ExtractProductsWithCategories.csproj", "{5A49DC29-EC4D-4718-B99A-CEEB5BF56D1F}"
EndProject
Project("{FAE04EC0-301F-11D3-BF4B-00C04F79EFBC}") = "04.AddNewProduct", "04.AddNewProduct\04.AddNewProduct.csproj", "{AD4A6571-1F38-4467-AA1F-FB3930857DE7}"
EndProject
Global
	GlobalSection(SolutionConfigurationPlatforms) = preSolution
		Debug|Any CPU = Debug|Any CPU
		Release|Any CPU = Release|Any CPU
	EndGlobalSection
	GlobalSection(ProjectConfigurationPlatforms) = postSolution
		{A8F301DE-3BA0-4F1A-9799-EF1A96F3C8E2}.Debug|Any CPU.ActiveCfg = Debug|Any CPU
		{A8F301DE-3BA0-4F1A-9799-EF1A96F3C8E2}.Debug|Any CPU.Build.0 = Debug|Any CPU
		{A8F301DE-3BA0-4F1A-9799-EF1A96F3C8E2}.Release|Any CPU.ActiveCfg = Release|Any CPU
		{A8F301DE-3BA0-4F1A-9799-EF1A96F3C8E2}.Release|Any CPU.Build.0 = Release|Any CPU
		{2E3B3C48-BEEA-48ED-B51C-4FFD8E12F7A6}.Debug|Any CPU.ActiveCfg = Debug|Any CPU
		{2E3B3C48-BEEA-48ED-B51C-4FFD8E12F7A6}.Debug|Any CPU.Build.0 = Debug|Any CPU
		{2E3B3C48-BEEA-48ED-B51C-4FFD8E12F7A6}.Release|Any CPU.ActiveCfg = Release|Any CPU
		{2E3B3C48-BEEA-48ED-B51C-4FFD8E12F7A6}.Release|Any CPU.Build.0 = Release|Any CPU
		{5A49DC29-EC4D-4718-B99A-CEEB5BF56D1F}.Debug|Any CPU.ActiveCfg = Debug|Any CPU
		{5A49DC29-EC4D-4718-B99A-CEEB5BF56D1F}.Debug|Any CPU.Build.0 = Debug|Any CPU
		{5A49DC29-EC4D-4718-B99A-CEEB5BF56D1F}.Release|Any CPU.ActiveCfg = Release|Any CPU
		{5A49DC29-EC4D-4718-B99A-CEEB5BF56D1F}.Release|Any CPU.Build.0 = Release|Any CPU
		{AD4A6571-1F38-4467-AA1F-FB3930857DE7}.Debug|Any CPU.ActiveCfg = Debug|Any CPU
		{AD4A6571-1F38-4467-AA1F-FB3930857DE7}.Debug|Any CPU.Build.0 = Debug|Any CPU
		{AD4A6571-1F38-4467-AA1F-FB3930857DE7}.Release|Any CPU.ActiveCfg = Release|Any CPU
		{AD4A6571-1F38-4467-AA1F-FB3930857DE7}.Release|Any CPU.Build.0 = Release|Any CPU
	EndGlobalSection
	GlobalSection(SolutionProperties) = preSolution
		HideSolutionNode = FALSE
	EndGlobalSection
EndGlobal
