
Microsoft Visual Studio Solution File, Format Version 12.00
# Visual Studio 14
VisualStudioVersion = 14.0.25420.1
MinimumVisualStudioVersion = 10.0.40219.1
Project("{FAE04EC0-301F-11D3-BF4B-00C04F79EFBC}") = "Bunnies", "Bunnies\Bunnies.csproj", "{5654E9C7-6DB6-4EB2-A30D-56B65A93C3C3}"
EndProject
Project("{FAE04EC0-301F-11D3-BF4B-00C04F79EFBC}") = "Events", "Events\Events.csproj", "{A6CD90AA-8B55-44F0-A12B-8778847FD022}"
EndProject
Global
	GlobalSection(SolutionConfigurationPlatforms) = preSolution
		Debug|Any CPU = Debug|Any CPU
		Release|Any CPU = Release|Any CPU
	EndGlobalSection
	GlobalSection(ProjectConfigurationPlatforms) = postSolution
		{5654E9C7-6DB6-4EB2-A30D-56B65A93C3C3}.Debug|Any CPU.ActiveCfg = Debug|Any CPU
		{5654E9C7-6DB6-4EB2-A30D-56B65A93C3C3}.Debug|Any CPU.Build.0 = Debug|Any CPU
		{5654E9C7-6DB6-4EB2-A30D-56B65A93C3C3}.Release|Any CPU.ActiveCfg = Release|Any CPU
		{5654E9C7-6DB6-4EB2-A30D-56B65A93C3C3}.Release|Any CPU.Build.0 = Release|Any CPU
		{A6CD90AA-8B55-44F0-A12B-8778847FD022}.Debug|Any CPU.ActiveCfg = Debug|Any CPU
		{A6CD90AA-8B55-44F0-A12B-8778847FD022}.Debug|Any CPU.Build.0 = Debug|Any CPU
		{A6CD90AA-8B55-44F0-A12B-8778847FD022}.Release|Any CPU.ActiveCfg = Release|Any CPU
		{A6CD90AA-8B55-44F0-A12B-8778847FD022}.Release|Any CPU.Build.0 = Release|Any CPU
	EndGlobalSection
	GlobalSection(SolutionProperties) = preSolution
		HideSolutionNode = FALSE
	EndGlobalSection
EndGlobal
