
Microsoft Visual Studio Solution File, Format Version 12.00
# Visual Studio 14
VisualStudioVersion = 14.0.25420.1
MinimumVisualStudioVersion = 10.0.40219.1
Project("{FAE04EC0-301F-11D3-BF4B-00C04F79EFBC}") = "01.UnitsOfWork", "01.UnitsOfWork\01.UnitsOfWork.csproj", "{24DF640D-5D4A-4388-B7B7-1A2354318385}"
EndProject
Project("{FAE04EC0-301F-11D3-BF4B-00C04F79EFBC}") = "06.Words", "06.Words\06.Words.csproj", "{F149ED4A-F1B1-454C-81FA-8CBF797BF2C8}"
EndProject
Project("{FAE04EC0-301F-11D3-BF4B-00C04F79EFBC}") = "03.BoxFullOfBalls", "03.BoxFullOfBalls\03.BoxFullOfBalls.csproj", "{569D5815-81D8-48E2-A83A-0882F1AD9DCD}"
EndProject
Global
	GlobalSection(SolutionConfigurationPlatforms) = preSolution
		Debug|Any CPU = Debug|Any CPU
		Release|Any CPU = Release|Any CPU
	EndGlobalSection
	GlobalSection(ProjectConfigurationPlatforms) = postSolution
		{24DF640D-5D4A-4388-B7B7-1A2354318385}.Debug|Any CPU.ActiveCfg = Debug|Any CPU
		{24DF640D-5D4A-4388-B7B7-1A2354318385}.Debug|Any CPU.Build.0 = Debug|Any CPU
		{24DF640D-5D4A-4388-B7B7-1A2354318385}.Release|Any CPU.ActiveCfg = Release|Any CPU
		{24DF640D-5D4A-4388-B7B7-1A2354318385}.Release|Any CPU.Build.0 = Release|Any CPU
		{F149ED4A-F1B1-454C-81FA-8CBF797BF2C8}.Debug|Any CPU.ActiveCfg = Debug|Any CPU
		{F149ED4A-F1B1-454C-81FA-8CBF797BF2C8}.Debug|Any CPU.Build.0 = Debug|Any CPU
		{F149ED4A-F1B1-454C-81FA-8CBF797BF2C8}.Release|Any CPU.ActiveCfg = Release|Any CPU
		{F149ED4A-F1B1-454C-81FA-8CBF797BF2C8}.Release|Any CPU.Build.0 = Release|Any CPU
		{569D5815-81D8-48E2-A83A-0882F1AD9DCD}.Debug|Any CPU.ActiveCfg = Debug|Any CPU
		{569D5815-81D8-48E2-A83A-0882F1AD9DCD}.Debug|Any CPU.Build.0 = Debug|Any CPU
		{569D5815-81D8-48E2-A83A-0882F1AD9DCD}.Release|Any CPU.ActiveCfg = Release|Any CPU
		{569D5815-81D8-48E2-A83A-0882F1AD9DCD}.Release|Any CPU.Build.0 = Release|Any CPU
	EndGlobalSection
	GlobalSection(SolutionProperties) = preSolution
		HideSolutionNode = FALSE
	EndGlobalSection
EndGlobal
