
Microsoft Visual Studio Solution File, Format Version 12.00
# Visual Studio 14
VisualStudioVersion = 14.0.25420.1
MinimumVisualStudioVersion = 10.0.40219.1
Project("{FAE04EC0-301F-11D3-BF4B-00C04F79EFBC}") = "Company.Data", "Company.Data\Company.Data.csproj", "{1086D1F7-3821-4843-852F-2B2DF605466E}"
EndProject
Project("{FAE04EC0-301F-11D3-BF4B-00C04F79EFBC}") = "Company.GenerateData", "Company.GenerateData\Company.GenerateData.csproj", "{560F2678-81F5-40A6-91DD-858E5BEB82C0}"
EndProject
Global
	GlobalSection(SolutionConfigurationPlatforms) = preSolution
		Debug|Any CPU = Debug|Any CPU
		Release|Any CPU = Release|Any CPU
	EndGlobalSection
	GlobalSection(ProjectConfigurationPlatforms) = postSolution
		{1086D1F7-3821-4843-852F-2B2DF605466E}.Debug|Any CPU.ActiveCfg = Debug|Any CPU
		{1086D1F7-3821-4843-852F-2B2DF605466E}.Debug|Any CPU.Build.0 = Debug|Any CPU
		{1086D1F7-3821-4843-852F-2B2DF605466E}.Release|Any CPU.ActiveCfg = Release|Any CPU
		{1086D1F7-3821-4843-852F-2B2DF605466E}.Release|Any CPU.Build.0 = Release|Any CPU
		{560F2678-81F5-40A6-91DD-858E5BEB82C0}.Debug|Any CPU.ActiveCfg = Debug|Any CPU
		{560F2678-81F5-40A6-91DD-858E5BEB82C0}.Debug|Any CPU.Build.0 = Debug|Any CPU
		{560F2678-81F5-40A6-91DD-858E5BEB82C0}.Release|Any CPU.ActiveCfg = Release|Any CPU
		{560F2678-81F5-40A6-91DD-858E5BEB82C0}.Release|Any CPU.Build.0 = Release|Any CPU
	EndGlobalSection
	GlobalSection(SolutionProperties) = preSolution
		HideSolutionNode = FALSE
	EndGlobalSection
EndGlobal
