
Microsoft Visual Studio Solution File, Format Version 12.00
# Visual Studio 2013
VisualStudioVersion = 12.0.21005.1
MinimumVisualStudioVersion = 10.0.40219.1
Project("{FAE04EC0-301F-11D3-BF4B-00C04F79EFBC}") = "Homework04", "Homework04\Homework04.csproj", "{3CC0907A-9F4A-46D5-9CDE-8D1B19A7271E}"
EndProject
Project("{FAE04EC0-301F-11D3-BF4B-00C04F79EFBC}") = "Problem1", "Problem1\Problem1.csproj", "{6149EA14-E6F6-43BF-BFA0-125EDFD69744}"
EndProject
Project("{FAE04EC0-301F-11D3-BF4B-00C04F79EFBC}") = "Problem2", "Problem2\Problem2.csproj", "{1D9CD411-A9C4-49FA-81C5-81886428F33C}"
EndProject
Project("{FAE04EC0-301F-11D3-BF4B-00C04F79EFBC}") = "Problem3", "Problem3\Problem3.csproj", "{6AA01963-19EC-4C04-B2EA-8230898BB9CE}"
EndProject
Global
	GlobalSection(SolutionConfigurationPlatforms) = preSolution
		Debug|Any CPU = Debug|Any CPU
		Release|Any CPU = Release|Any CPU
	EndGlobalSection
	GlobalSection(ProjectConfigurationPlatforms) = postSolution
		{3CC0907A-9F4A-46D5-9CDE-8D1B19A7271E}.Debug|Any CPU.ActiveCfg = Debug|Any CPU
		{3CC0907A-9F4A-46D5-9CDE-8D1B19A7271E}.Debug|Any CPU.Build.0 = Debug|Any CPU
		{3CC0907A-9F4A-46D5-9CDE-8D1B19A7271E}.Release|Any CPU.ActiveCfg = Release|Any CPU
		{3CC0907A-9F4A-46D5-9CDE-8D1B19A7271E}.Release|Any CPU.Build.0 = Release|Any CPU
		{6149EA14-E6F6-43BF-BFA0-125EDFD69744}.Debug|Any CPU.ActiveCfg = Debug|Any CPU
		{6149EA14-E6F6-43BF-BFA0-125EDFD69744}.Debug|Any CPU.Build.0 = Debug|Any CPU
		{6149EA14-E6F6-43BF-BFA0-125EDFD69744}.Release|Any CPU.ActiveCfg = Release|Any CPU
		{6149EA14-E6F6-43BF-BFA0-125EDFD69744}.Release|Any CPU.Build.0 = Release|Any CPU
		{1D9CD411-A9C4-49FA-81C5-81886428F33C}.Debug|Any CPU.ActiveCfg = Debug|Any CPU
		{1D9CD411-A9C4-49FA-81C5-81886428F33C}.Debug|Any CPU.Build.0 = Debug|Any CPU
		{1D9CD411-A9C4-49FA-81C5-81886428F33C}.Release|Any CPU.ActiveCfg = Release|Any CPU
		{1D9CD411-A9C4-49FA-81C5-81886428F33C}.Release|Any CPU.Build.0 = Release|Any CPU
		{6AA01963-19EC-4C04-B2EA-8230898BB9CE}.Debug|Any CPU.ActiveCfg = Debug|Any CPU
		{6AA01963-19EC-4C04-B2EA-8230898BB9CE}.Debug|Any CPU.Build.0 = Debug|Any CPU
		{6AA01963-19EC-4C04-B2EA-8230898BB9CE}.Release|Any CPU.ActiveCfg = Release|Any CPU
		{6AA01963-19EC-4C04-B2EA-8230898BB9CE}.Release|Any CPU.Build.0 = Release|Any CPU
	EndGlobalSection
	GlobalSection(SolutionProperties) = preSolution
		HideSolutionNode = FALSE
	EndGlobalSection
EndGlobal
