
Microsoft Visual Studio Solution File, Format Version 12.00
# Visual Studio 14
VisualStudioVersion = 14.0.25420.1
MinimumVisualStudioVersion = 10.0.40219.1
Project("{FAE04EC0-301F-11D3-BF4B-00C04F79EFBC}") = "01.RandomNumber", "01.RandomNumber\01.RandomNumber.csproj", "{0B17E801-4585-4B16-965A-DC7F60C809FC}"
EndProject
Project("{FAE04EC0-301F-11D3-BF4B-00C04F79EFBC}") = "02.Escaping", "02.Escaping\02.Escaping.csproj", "{1BB5A6A4-FF9F-44B9-B61D-B74737BF54B2}"
EndProject
Global
	GlobalSection(SolutionConfigurationPlatforms) = preSolution
		Debug|Any CPU = Debug|Any CPU
		Release|Any CPU = Release|Any CPU
	EndGlobalSection
	GlobalSection(ProjectConfigurationPlatforms) = postSolution
		{0B17E801-4585-4B16-965A-DC7F60C809FC}.Debug|Any CPU.ActiveCfg = Debug|Any CPU
		{0B17E801-4585-4B16-965A-DC7F60C809FC}.Debug|Any CPU.Build.0 = Debug|Any CPU
		{0B17E801-4585-4B16-965A-DC7F60C809FC}.Release|Any CPU.ActiveCfg = Release|Any CPU
		{0B17E801-4585-4B16-965A-DC7F60C809FC}.Release|Any CPU.Build.0 = Release|Any CPU
		{1BB5A6A4-FF9F-44B9-B61D-B74737BF54B2}.Debug|Any CPU.ActiveCfg = Debug|Any CPU
		{1BB5A6A4-FF9F-44B9-B61D-B74737BF54B2}.Debug|Any CPU.Build.0 = Debug|Any CPU
		{1BB5A6A4-FF9F-44B9-B61D-B74737BF54B2}.Release|Any CPU.ActiveCfg = Release|Any CPU
		{1BB5A6A4-FF9F-44B9-B61D-B74737BF54B2}.Release|Any CPU.Build.0 = Release|Any CPU
	EndGlobalSection
	GlobalSection(SolutionProperties) = preSolution
		HideSolutionNode = FALSE
	EndGlobalSection
EndGlobal
