
Microsoft Visual Studio Solution File, Format Version 12.00
# Visual Studio 14
VisualStudioVersion = 14.0.24720.0
MinimumVisualStudioVersion = 10.0.40219.1
Project("{FAE04EC0-301F-11D3-BF4B-00C04F79EFBC}") = "02.GetArtistsDom", "GetArtistsDom\02.GetArtistsDom.csproj", "{1929F68A-16B3-4012-BDF0-15CBCD6DBEB2}"
EndProject
Project("{FAE04EC0-301F-11D3-BF4B-00C04F79EFBC}") = "03.GetArtistsXPath", "GetArtistsXPath\03.GetArtistsXPath.csproj", "{568CF2D1-724C-48FE-B722-01DEACA39452}"
EndProject
Project("{FAE04EC0-301F-11D3-BF4B-00C04F79EFBC}") = "16.ValidateXmlWithSchema", "ValidateXmlWithSchema\16.ValidateXmlWithSchema.csproj", "{6ABA0ABF-FE16-4646-9312-4D4FF6B26513}"
EndProject
Project("{FAE04EC0-301F-11D3-BF4B-00C04F79EFBC}") = "04.DeleteAlbumsDOM", "DeleteAlbumsDOM\04.DeleteAlbumsDOM.csproj", "{798F0299-100D-46F8-BB23-1B60092BCE20}"
EndProject
Project("{FAE04EC0-301F-11D3-BF4B-00C04F79EFBC}") = "05.ExtractTitlesXmlReader", "ExtractTitlesXmlReader\05.ExtractTitlesXmlReader.csproj", "{65B7AE43-F7FC-40DC-A207-27C7F51101D0}"
EndProject
Project("{FAE04EC0-301F-11D3-BF4B-00C04F79EFBC}") = "06.ExtractTitlesXDocument", "ExtractTitlesXDocument\06.ExtractTitlesXDocument.csproj", "{FC2E2D78-E5B0-4288-B3EB-350897AAB0BC}"
EndProject
Project("{FAE04EC0-301F-11D3-BF4B-00C04F79EFBC}") = "07.PersonFromTxtFile", "PersonFromTxtFile\07.PersonFromTxtFile.csproj", "{00575186-5B49-4C4E-BBBE-1B869F9C85FD}"
EndProject
Project("{FAE04EC0-301F-11D3-BF4B-00C04F79EFBC}") = "08.CreateAlbums", "08.CreateAlbums\08.CreateAlbums.csproj", "{21FCE120-ACB7-49C6-9E7E-B96A4A6E4575}"
EndProject
Project("{FAE04EC0-301F-11D3-BF4B-00C04F79EFBC}") = "11.ExtractAlbumsOlder5YearsXpath", "11.ExtractAlbumsOlder5YearsXpath\11.ExtractAlbumsOlder5YearsXpath.csproj", "{864E12C6-9D51-4507-A6D8-4C836693112E}"
EndProject
Project("{FAE04EC0-301F-11D3-BF4B-00C04F79EFBC}") = "12.ExtractAlbumsOlder5YearsLinq", "12.ExtractAlbumsOlder5YearsLinq\12.ExtractAlbumsOlder5YearsLinq.csproj", "{DC4D4CF6-BC99-49F9-948E-BAACDAF7F159}"
EndProject
Project("{FAE04EC0-301F-11D3-BF4B-00C04F79EFBC}") = "14.StylesheetTransform", "14.StylesheetTransform\14.StylesheetTransform.csproj", "{3D57D382-5C5F-4E35-AA9B-4BD1AF37D6D7}"
EndProject
Global
	GlobalSection(SolutionConfigurationPlatforms) = preSolution
		Debug|Any CPU = Debug|Any CPU
		Release|Any CPU = Release|Any CPU
	EndGlobalSection
	GlobalSection(ProjectConfigurationPlatforms) = postSolution
		{1929F68A-16B3-4012-BDF0-15CBCD6DBEB2}.Debug|Any CPU.ActiveCfg = Debug|Any CPU
		{1929F68A-16B3-4012-BDF0-15CBCD6DBEB2}.Debug|Any CPU.Build.0 = Debug|Any CPU
		{1929F68A-16B3-4012-BDF0-15CBCD6DBEB2}.Release|Any CPU.ActiveCfg = Release|Any CPU
		{1929F68A-16B3-4012-BDF0-15CBCD6DBEB2}.Release|Any CPU.Build.0 = Release|Any CPU
		{568CF2D1-724C-48FE-B722-01DEACA39452}.Debug|Any CPU.ActiveCfg = Debug|Any CPU
		{568CF2D1-724C-48FE-B722-01DEACA39452}.Debug|Any CPU.Build.0 = Debug|Any CPU
		{568CF2D1-724C-48FE-B722-01DEACA39452}.Release|Any CPU.ActiveCfg = Release|Any CPU
		{568CF2D1-724C-48FE-B722-01DEACA39452}.Release|Any CPU.Build.0 = Release|Any CPU
		{6ABA0ABF-FE16-4646-9312-4D4FF6B26513}.Debug|Any CPU.ActiveCfg = Debug|Any CPU
		{6ABA0ABF-FE16-4646-9312-4D4FF6B26513}.Debug|Any CPU.Build.0 = Debug|Any CPU
		{6ABA0ABF-FE16-4646-9312-4D4FF6B26513}.Release|Any CPU.ActiveCfg = Release|Any CPU
		{6ABA0ABF-FE16-4646-9312-4D4FF6B26513}.Release|Any CPU.Build.0 = Release|Any CPU
		{798F0299-100D-46F8-BB23-1B60092BCE20}.Debug|Any CPU.ActiveCfg = Debug|Any CPU
		{798F0299-100D-46F8-BB23-1B60092BCE20}.Debug|Any CPU.Build.0 = Debug|Any CPU
		{798F0299-100D-46F8-BB23-1B60092BCE20}.Release|Any CPU.ActiveCfg = Release|Any CPU
		{798F0299-100D-46F8-BB23-1B60092BCE20}.Release|Any CPU.Build.0 = Release|Any CPU
		{65B7AE43-F7FC-40DC-A207-27C7F51101D0}.Debug|Any CPU.ActiveCfg = Debug|Any CPU
		{65B7AE43-F7FC-40DC-A207-27C7F51101D0}.Debug|Any CPU.Build.0 = Debug|Any CPU
		{65B7AE43-F7FC-40DC-A207-27C7F51101D0}.Release|Any CPU.ActiveCfg = Release|Any CPU
		{65B7AE43-F7FC-40DC-A207-27C7F51101D0}.Release|Any CPU.Build.0 = Release|Any CPU
		{FC2E2D78-E5B0-4288-B3EB-350897AAB0BC}.Debug|Any CPU.ActiveCfg = Debug|Any CPU
		{FC2E2D78-E5B0-4288-B3EB-350897AAB0BC}.Debug|Any CPU.Build.0 = Debug|Any CPU
		{FC2E2D78-E5B0-4288-B3EB-350897AAB0BC}.Release|Any CPU.ActiveCfg = Release|Any CPU
		{FC2E2D78-E5B0-4288-B3EB-350897AAB0BC}.Release|Any CPU.Build.0 = Release|Any CPU
		{00575186-5B49-4C4E-BBBE-1B869F9C85FD}.Debug|Any CPU.ActiveCfg = Debug|Any CPU
		{00575186-5B49-4C4E-BBBE-1B869F9C85FD}.Debug|Any CPU.Build.0 = Debug|Any CPU
		{00575186-5B49-4C4E-BBBE-1B869F9C85FD}.Release|Any CPU.ActiveCfg = Release|Any CPU
		{00575186-5B49-4C4E-BBBE-1B869F9C85FD}.Release|Any CPU.Build.0 = Release|Any CPU
		{21FCE120-ACB7-49C6-9E7E-B96A4A6E4575}.Debug|Any CPU.ActiveCfg = Debug|Any CPU
		{21FCE120-ACB7-49C6-9E7E-B96A4A6E4575}.Debug|Any CPU.Build.0 = Debug|Any CPU
		{21FCE120-ACB7-49C6-9E7E-B96A4A6E4575}.Release|Any CPU.ActiveCfg = Release|Any CPU
		{21FCE120-ACB7-49C6-9E7E-B96A4A6E4575}.Release|Any CPU.Build.0 = Release|Any CPU
		{864E12C6-9D51-4507-A6D8-4C836693112E}.Debug|Any CPU.ActiveCfg = Debug|Any CPU
		{864E12C6-9D51-4507-A6D8-4C836693112E}.Debug|Any CPU.Build.0 = Debug|Any CPU
		{864E12C6-9D51-4507-A6D8-4C836693112E}.Release|Any CPU.ActiveCfg = Release|Any CPU
		{864E12C6-9D51-4507-A6D8-4C836693112E}.Release|Any CPU.Build.0 = Release|Any CPU
		{DC4D4CF6-BC99-49F9-948E-BAACDAF7F159}.Debug|Any CPU.ActiveCfg = Debug|Any CPU
		{DC4D4CF6-BC99-49F9-948E-BAACDAF7F159}.Debug|Any CPU.Build.0 = Debug|Any CPU
		{DC4D4CF6-BC99-49F9-948E-BAACDAF7F159}.Release|Any CPU.ActiveCfg = Release|Any CPU
		{DC4D4CF6-BC99-49F9-948E-BAACDAF7F159}.Release|Any CPU.Build.0 = Release|Any CPU
		{3D57D382-5C5F-4E35-AA9B-4BD1AF37D6D7}.Debug|Any CPU.ActiveCfg = Debug|Any CPU
		{3D57D382-5C5F-4E35-AA9B-4BD1AF37D6D7}.Debug|Any CPU.Build.0 = Debug|Any CPU
		{3D57D382-5C5F-4E35-AA9B-4BD1AF37D6D7}.Release|Any CPU.ActiveCfg = Release|Any CPU
		{3D57D382-5C5F-4E35-AA9B-4BD1AF37D6D7}.Release|Any CPU.Build.0 = Release|Any CPU
	EndGlobalSection
	GlobalSection(SolutionProperties) = preSolution
		HideSolutionNode = FALSE
	EndGlobalSection
EndGlobal
