
Microsoft Visual Studio Solution File, Format Version 12.00
# Visual Studio 2013
VisualStudioVersion = 12.0.21005.1
MinimumVisualStudioVersion = 10.0.40219.1
Project("{FAE04EC0-301F-11D3-BF4B-00C04F79EFBC}") = "01.Calculation-problem", "01.Calculation-problem\01.Calculation-problem.csproj", "{362C64E8-4F7A-4DD4-9ADC-BF0BF8582E17}"
EndProject
Project("{FAE04EC0-301F-11D3-BF4B-00C04F79EFBC}") = "02.Even-differences", "02.Even-differences\02.Even-differences.csproj", "{608FC04C-9669-42EE-A815-8F5864079D98}"
EndProject
Project("{FAE04EC0-301F-11D3-BF4B-00C04F79EFBC}") = "04.Konspiration", "04.Konspiration\04.Konspiration.csproj", "{01DA78B9-DF2E-4F4D-826C-DE21DBF44FF4}"
EndProject
Project("{FAE04EC0-301F-11D3-BF4B-00C04F79EFBC}") = "03.Lover-of-3", "03.Lover-of-3\03.Lover-of-3\03.Lover-of-3.csproj", "{94587655-C585-41A4-9C40-2BFAFF6E7FE4}"
EndProject
Project("{FAE04EC0-301F-11D3-BF4B-00C04F79EFBC}") = "05.Bad-cat", "05.Bad-cat\05.Bad-cat.csproj", "{85C1D683-C606-4859-BADB-44B7E1F0DE9C}"
EndProject
Global
	GlobalSection(SolutionConfigurationPlatforms) = preSolution
		Debug|Any CPU = Debug|Any CPU
		Release|Any CPU = Release|Any CPU
	EndGlobalSection
	GlobalSection(ProjectConfigurationPlatforms) = postSolution
		{362C64E8-4F7A-4DD4-9ADC-BF0BF8582E17}.Debug|Any CPU.ActiveCfg = Debug|Any CPU
		{362C64E8-4F7A-4DD4-9ADC-BF0BF8582E17}.Debug|Any CPU.Build.0 = Debug|Any CPU
		{362C64E8-4F7A-4DD4-9ADC-BF0BF8582E17}.Release|Any CPU.ActiveCfg = Release|Any CPU
		{362C64E8-4F7A-4DD4-9ADC-BF0BF8582E17}.Release|Any CPU.Build.0 = Release|Any CPU
		{608FC04C-9669-42EE-A815-8F5864079D98}.Debug|Any CPU.ActiveCfg = Debug|Any CPU
		{608FC04C-9669-42EE-A815-8F5864079D98}.Debug|Any CPU.Build.0 = Debug|Any CPU
		{608FC04C-9669-42EE-A815-8F5864079D98}.Release|Any CPU.ActiveCfg = Release|Any CPU
		{608FC04C-9669-42EE-A815-8F5864079D98}.Release|Any CPU.Build.0 = Release|Any CPU
		{01DA78B9-DF2E-4F4D-826C-DE21DBF44FF4}.Debug|Any CPU.ActiveCfg = Debug|Any CPU
		{01DA78B9-DF2E-4F4D-826C-DE21DBF44FF4}.Debug|Any CPU.Build.0 = Debug|Any CPU
		{01DA78B9-DF2E-4F4D-826C-DE21DBF44FF4}.Release|Any CPU.ActiveCfg = Release|Any CPU
		{01DA78B9-DF2E-4F4D-826C-DE21DBF44FF4}.Release|Any CPU.Build.0 = Release|Any CPU
		{94587655-C585-41A4-9C40-2BFAFF6E7FE4}.Debug|Any CPU.ActiveCfg = Debug|Any CPU
		{94587655-C585-41A4-9C40-2BFAFF6E7FE4}.Debug|Any CPU.Build.0 = Debug|Any CPU
		{94587655-C585-41A4-9C40-2BFAFF6E7FE4}.Release|Any CPU.ActiveCfg = Release|Any CPU
		{94587655-C585-41A4-9C40-2BFAFF6E7FE4}.Release|Any CPU.Build.0 = Release|Any CPU
		{85C1D683-C606-4859-BADB-44B7E1F0DE9C}.Debug|Any CPU.ActiveCfg = Debug|Any CPU
		{85C1D683-C606-4859-BADB-44B7E1F0DE9C}.Debug|Any CPU.Build.0 = Debug|Any CPU
		{85C1D683-C606-4859-BADB-44B7E1F0DE9C}.Release|Any CPU.ActiveCfg = Release|Any CPU
		{85C1D683-C606-4859-BADB-44B7E1F0DE9C}.Release|Any CPU.Build.0 = Release|Any CPU
	EndGlobalSection
	GlobalSection(SolutionProperties) = preSolution
		HideSolutionNode = FALSE
	EndGlobalSection
EndGlobal
