
Microsoft Visual Studio Solution File, Format Version 12.00
# Visual Studio 14
VisualStudioVersion = 14.0.25420.1
MinimumVisualStudioVersion = 10.0.40219.1
Project("{FAE04EC0-301F-11D3-BF4B-00C04F79EFBC}") = "Task-2.Compare-simple-maths", "Task-2.Compare-simple-maths\Task-2.Compare-simple-maths.csproj", "{B2247C9B-175F-4AE0-9739-78831C3BB65F}"
EndProject
Project("{FAE04EC0-301F-11D3-BF4B-00C04F79EFBC}") = "Task-3.Compare-advanced-maths", "Task-3.Compare-advanced-maths\Task-3.Compare-advanced-maths.csproj", "{948ABD4F-FEB8-4704-80E7-87BE974BB2BD}"
EndProject
Global
	GlobalSection(SolutionConfigurationPlatforms) = preSolution
		Debug|Any CPU = Debug|Any CPU
		Release|Any CPU = Release|Any CPU
	EndGlobalSection
	GlobalSection(ProjectConfigurationPlatforms) = postSolution
		{B2247C9B-175F-4AE0-9739-78831C3BB65F}.Debug|Any CPU.ActiveCfg = Debug|Any CPU
		{B2247C9B-175F-4AE0-9739-78831C3BB65F}.Debug|Any CPU.Build.0 = Debug|Any CPU
		{B2247C9B-175F-4AE0-9739-78831C3BB65F}.Release|Any CPU.ActiveCfg = Release|Any CPU
		{B2247C9B-175F-4AE0-9739-78831C3BB65F}.Release|Any CPU.Build.0 = Release|Any CPU
		{948ABD4F-FEB8-4704-80E7-87BE974BB2BD}.Debug|Any CPU.ActiveCfg = Debug|Any CPU
		{948ABD4F-FEB8-4704-80E7-87BE974BB2BD}.Debug|Any CPU.Build.0 = Debug|Any CPU
		{948ABD4F-FEB8-4704-80E7-87BE974BB2BD}.Release|Any CPU.ActiveCfg = Release|Any CPU
		{948ABD4F-FEB8-4704-80E7-87BE974BB2BD}.Release|Any CPU.Build.0 = Release|Any CPU
	EndGlobalSection
	GlobalSection(SolutionProperties) = preSolution
		HideSolutionNode = FALSE
	EndGlobalSection
EndGlobal
